
Microsoft Visual Studio Solution File, Format Version 12.00
# Visual Studio Version 16
VisualStudioVersion = 16.0.28729.10
MinimumVisualStudioVersion = 10.0.40219.1
Project("{FAE04EC0-301F-11D3-BF4B-00C04F79EFBC}") = "Products", "products\Products.csproj", "{64A195C3-8B48-4395-96C5-34D2BD98F8EA}"
EndProject
Project("{FAE04EC0-301F-11D3-BF4B-00C04F79EFBC}") = "Business", "Business\Business.csproj", "{5860B8E5-9E61-4453-99CF-B5D7332DEC82}"
EndProject
Project("{FAE04EC0-301F-11D3-BF4B-00C04F79EFBC}") = "Data", "Data\Data.csproj", "{397D950A-6EE9-4183-B2D7-FCD37F1693F9}"
EndProject
Global
	GlobalSection(SolutionConfigurationPlatforms) = preSolution
		Debug|Any CPU = Debug|Any CPU
		Release|Any CPU = Release|Any CPU
	EndGlobalSection
	GlobalSection(ProjectConfigurationPlatforms) = postSolution
		{64A195C3-8B48-4395-96C5-34D2BD98F8EA}.Debug|Any CPU.ActiveCfg = Debug|Any CPU
		{64A195C3-8B48-4395-96C5-34D2BD98F8EA}.Debug|Any CPU.Build.0 = Debug|Any CPU
		{64A195C3-8B48-4395-96C5-34D2BD98F8EA}.Release|Any CPU.ActiveCfg = Release|Any CPU
		{64A195C3-8B48-4395-96C5-34D2BD98F8EA}.Release|Any CPU.Build.0 = Release|Any CPU
		{5860B8E5-9E61-4453-99CF-B5D7332DEC82}.Debug|Any CPU.ActiveCfg = Debug|Any CPU
		{5860B8E5-9E61-4453-99CF-B5D7332DEC82}.Debug|Any CPU.Build.0 = Debug|Any CPU
		{5860B8E5-9E61-4453-99CF-B5D7332DEC82}.Release|Any CPU.ActiveCfg = Release|Any CPU
		{5860B8E5-9E61-4453-99CF-B5D7332DEC82}.Release|Any CPU.Build.0 = Release|Any CPU
		{397D950A-6EE9-4183-B2D7-FCD37F1693F9}.Debug|Any CPU.ActiveCfg = Debug|Any CPU
		{397D950A-6EE9-4183-B2D7-FCD37F1693F9}.Debug|Any CPU.Build.0 = Debug|Any CPU
		{397D950A-6EE9-4183-B2D7-FCD37F1693F9}.Release|Any CPU.ActiveCfg = Release|Any CPU
		{397D950A-6EE9-4183-B2D7-FCD37F1693F9}.Release|Any CPU.Build.0 = Release|Any CPU
	EndGlobalSection
	GlobalSection(SolutionProperties) = preSolution
		HideSolutionNode = FALSE
	EndGlobalSection
	GlobalSection(ExtensibilityGlobals) = postSolution
		SolutionGuid = {B8012542-C613-4967-A0BD-5DA352D81DE7}
	EndGlobalSection
EndGlobal
